// !$*UTF8*$!
{
	archiveVersion = 1;
	classes = {
	};
	objectVersion = 46;
	objects = {

/* Begin PBXBuildFile section */
		6C129FFE167CEC4D00C91F6F /* Job.cpp in Sources */ = {isa = PBXBuildFile; fileRef = 6C129FFD167CEC4D00C91F6F /* Job.cpp */; };
		6C12A000167CF15800C91F6F /* ScheduleHeap.cpp in Sources */ = {isa = PBXBuildFile; fileRef = 6C129FFF167CF15800C91F6F /* ScheduleHeap.cpp */; };
		6CA99B2F167BE4F3002D6567 /* main.cpp in Sources */ = {isa = PBXBuildFile; fileRef = 6CA99B2E167BE4F3002D6567 /* main.cpp */; };
/* End PBXBuildFile section */

/* Begin PBXCopyFilesBuildPhase section */
		6CA99B28167BE4F3002D6567 /* CopyFiles */ = {
			isa = PBXCopyFilesBuildPhase;
			buildActionMask = 2147483647;
			dstPath = /usr/share/man/man1/;
			dstSubfolderSpec = 0;
			files = (
			);
			runOnlyForDeploymentPostprocessing = 1;
		};
/* End PBXCopyFilesBuildPhase section */

/* Begin PBXFileReference section */
		6C129FF6167CE8C300C91F6F /* ScheduleHeap.h */ = {isa = PBXFileReference; fileEncoding = 4; lastKnownFileType = sourcecode.c.h; path = ScheduleHeap.h; sourceTree = "<group>"; };
		6C129FFC167CEA6E00C91F6F /* Job.h */ = {isa = PBXFileReference; lastKnownFileType = sourcecode.c.h; path = Job.h; sourceTree = "<group>"; };
		6C129FFD167CEC4D00C91F6F /* Job.cpp */ = {isa = PBXFileReference; fileEncoding = 4; lastKnownFileType = sourcecode.cpp.cpp; path = Job.cpp; sourceTree = "<group>"; };
		6C129FFF167CF15800C91F6F /* ScheduleHeap.cpp */ = {isa = PBXFileReference; fileEncoding = 4; lastKnownFileType = sourcecode.cpp.cpp; path = ScheduleHeap.cpp; sourceTree = "<group>"; };
		6CA99B2A167BE4F3002D6567 /* Scheduler */ = {isa = PBXFileReference; explicitFileType = "compiled.mach-o.executable"; includeInIndex = 0; path = Scheduler; sourceTree = BUILT_PRODUCTS_DIR; };
		6CA99B2E167BE4F3002D6567 /* main.cpp */ = {isa = PBXFileReference; lastKnownFileType = sourcecode.cpp.cpp; path = main.cpp; sourceTree = "<group>"; };
/* End PBXFileReference section */

/* Begin PBXFrameworksBuildPhase section */
		6CA99B27167BE4F3002D6567 /* Frameworks */ = {
			isa = PBXFrameworksBuildPhase;
			buildActionMask = 2147483647;
			files = (
			);
			runOnlyForDeploymentPostprocessing = 0;
		};
/* End PBXFrameworksBuildPhase section */

/* Begin PBXGroup section */
		6C129FF4167CE8AD00C91F6F /* Heap */ = {
			isa = PBXGroup;
			children = (
				6C129FF6167CE8C300C91F6F /* ScheduleHeap.h */,
				6C129FFF167CF15800C91F6F /* ScheduleHeap.cpp */,
			);
			name = Heap;
			sourceTree = "<group>";
		};
		6CA99B1F167BE4F3002D6567 = {
			isa = PBXGroup;
			children = (
				6C129FF4167CE8AD00C91F6F /* Heap */,
				6CA99B2D167BE4F3002D6567 /* Scheduler */,
				6CA99B2B167BE4F3002D6567 /* Products */,
			);
			sourceTree = "<group>";
		};
		6CA99B2B167BE4F3002D6567 /* Products */ = {
			isa = PBXGroup;
			children = (
				6CA99B2A167BE4F3002D6567 /* Scheduler */,
			);
			name = Products;
			sourceTree = "<group>";
		};
		6CA99B2D167BE4F3002D6567 /* Scheduler */ = {
			isa = PBXGroup;
			children = (
				6C129FFC167CEA6E00C91F6F /* Job.h */,
				6C129FFD167CEC4D00C91F6F /* Job.cpp */,
				6CA99B2E167BE4F3002D6567 /* main.cpp */,
			);
			path = Scheduler;
			sourceTree = "<group>";
		};
/* End PBXGroup section */

/* Begin PBXNativeTarget section */
		6CA99B29167BE4F3002D6567 /* Scheduler */ = {
			isa = PBXNativeTarget;
			buildConfigurationList = 6CA99B34167BE4F3002D6567 /* Build configuration list for PBXNativeTarget "Scheduler" */;
			buildPhases = (
				6CA99B26167BE4F3002D6567 /* Sources */,
				6CA99B27167BE4F3002D6567 /* Frameworks */,
				6CA99B28167BE4F3002D6567 /* CopyFiles */,
			);
			buildRules = (
			);
			dependencies = (
			);
			name = Scheduler;
			productName = Scheduler;
			productReference = 6CA99B2A167BE4F3002D6567 /* Scheduler */;
			productType = "com.apple.product-type.tool";
		};
/* End PBXNativeTarget section */

/* Begin PBXProject section */
		6CA99B21167BE4F3002D6567 /* Project object */ = {
			isa = PBXProject;
			attributes = {
				LastUpgradeCheck = 0450;
			};
			buildConfigurationList = 6CA99B24167BE4F3002D6567 /* Build configuration list for PBXProject "Scheduler" */;
			compatibilityVersion = "Xcode 3.2";
			developmentRegion = English;
			hasScannedForEncodings = 0;
			knownRegions = (
				en,
			);
			mainGroup = 6CA99B1F167BE4F3002D6567;
			productRefGroup = 6CA99B2B167BE4F3002D6567 /* Products */;
			projectDirPath = "";
			projectRoot = "";
			targets = (
				6CA99B29167BE4F3002D6567 /* Scheduler */,
			);
		};
/* End PBXProject section */

/* Begin PBXSourcesBuildPhase section */
		6CA99B26167BE4F3002D6567 /* Sources */ = {
			isa = PBXSourcesBuildPhase;
			buildActionMask = 2147483647;
			files = (
				6CA99B2F167BE4F3002D6567 /* main.cpp in Sources */,
				6C129FFE167CEC4D00C91F6F /* Job.cpp in Sources */,
				6C12A000167CF15800C91F6F /* ScheduleHeap.cpp in Sources */,
			);
			runOnlyForDeploymentPostprocessing = 0;
		};
/* End PBXSourcesBuildPhase section */

/* Begin XCBuildConfiguration section */
		6CA99B32167BE4F3002D6567 /* Debug */ = {
			isa = XCBuildConfiguration;
			buildSettings = {
				ALWAYS_SEARCH_USER_PATHS = NO;
				ARCHS = "$(ARCHS_STANDARD_64_BIT)";
				CLANG_CXX_LANGUAGE_STANDARD = "gnu++0x";
				CLANG_CXX_LIBRARY = "libc++";
				CLANG_ENABLE_OBJC_ARC = YES;
				CLANG_WARN_EMPTY_BODY = YES;
				CLANG_WARN__DUPLICATE_METHOD_MATCH = YES;
				COPY_PHASE_STRIP = NO;
				GCC_C_LANGUAGE_STANDARD = gnu99;
				GCC_DYNAMIC_NO_PIC = NO;
				GCC_ENABLE_OBJC_EXCEPTIONS = YES;
				GCC_OPTIMIZATION_LEVEL = 0;
				GCC_PREPROCESSOR_DEFINITIONS = (
					"DEBUG=1",
					"$(inherited)",
				);
				GCC_SYMBOLS_PRIVATE_EXTERN = NO;
				GCC_WARN_64_TO_32_BIT_CONVERSION = YES;
				GCC_WARN_ABOUT_RETURN_TYPE = YES;
				GCC_WARN_UNINITIALIZED_AUTOS = YES;
				GCC_WARN_UNUSED_VARIABLE = YES;
				MACOSX_DEPLOYMENT_TARGET = 10.8;
				ONLY_ACTIVE_ARCH = YES;
				SDKROOT = macosx;
			};
			name = Debug;
		};
		6CA99B33167BE4F3002D6567 /* Release */ = {
			isa = XCBuildConfiguration;
			buildSettings = {
				ALWAYS_SEARCH_USER_PATHS = NO;
				ARCHS = "$(ARCHS_STANDARD_64_BIT)";
				CLANG_CXX_LANGUAGE_STANDARD = "gnu++0x";
				CLANG_CXX_LIBRARY = "libc++";
				CLANG_ENABLE_OBJC_ARC = YES;
				CLANG_WARN_EMPTY_BODY = YES;
				CLANG_WARN__DUPLICATE_METHOD_MATCH = YES;
				COPY_PHASE_STRIP = YES;
				DEBUG_INFORMATION_FORMAT = "dwarf-with-dsym";
				GCC_C_LANGUAGE_STANDARD = gnu99;
				GCC_ENABLE_OBJC_EXCEPTIONS = YES;
				GCC_WARN_64_TO_32_BIT_CONVERSION = YES;
				GCC_WARN_ABOUT_RETURN_TYPE = YES;
				GCC_WARN_UNINITIALIZED_AUTOS = YES;
				GCC_WARN_UNUSED_VARIABLE = YES;
				MACOSX_DEPLOYMENT_TARGET = 10.8;
				SDKROOT = macosx;
			};
			name = Release;
		};
		6CA99B35167BE4F3002D6567 /* Debug */ = {
			isa = XCBuildConfiguration;
			buildSettings = {
				PRODUCT_NAME = "$(TARGET_NAME)";
			};
			name = Debug;
		};
		6CA99B36167BE4F3002D6567 /* Release */ = {
			isa = XCBuildConfiguration;
			buildSettings = {
				PRODUCT_NAME = "$(TARGET_NAME)";
			};
			name = Release;
		};
/* End XCBuildConfiguration section */

/* Begin XCConfigurationList section */
		6CA99B24167BE4F3002D6567 /* Build configuration list for PBXProject "Scheduler" */ = {
			isa = XCConfigurationList;
			buildConfigurations = (
				6CA99B32167BE4F3002D6567 /* Debug */,
				6CA99B33167BE4F3002D6567 /* Release */,
			);
			defaultConfigurationIsVisible = 0;
			defaultConfigurationName = Release;
		};
		6CA99B34167BE4F3002D6567 /* Build configuration list for PBXNativeTarget "Scheduler" */ = {
			isa = XCConfigurationList;
			buildConfigurations = (
				6CA99B35167BE4F3002D6567 /* Debug */,
				6CA99B36167BE4F3002D6567 /* Release */,
			);
			defaultConfigurationIsVisible = 0;
			defaultConfigurationName = Release;
		};
/* End XCConfigurationList section */
	};
	rootObject = 6CA99B21167BE4F3002D6567 /* Project object */;
}
