// !$*UTF8*$!
{
	archiveVersion = 1;
	classes = {
	};
	objectVersion = 46;
	objects = {

/* Begin PBXBuildFile section */
		6C630C2616938907006CF15D /* main.cpp in Sources */ = {isa = PBXBuildFile; fileRef = 6C630C2516938907006CF15D /* main.cpp */; };
		6C630C34169397A5006CF15D /* item.cpp in Sources */ = {isa = PBXBuildFile; fileRef = 6C630C33169397A5006CF15D /* item.cpp */; };
/* End PBXBuildFile section */

/* Begin PBXCopyFilesBuildPhase section */
		6C630C1F16938907006CF15D /* CopyFiles */ = {
			isa = PBXCopyFilesBuildPhase;
			buildActionMask = 2147483647;
			dstPath = /usr/share/man/man1/;
			dstSubfolderSpec = 0;
			files = (
			);
			runOnlyForDeploymentPostprocessing = 1;
		};
/* End PBXCopyFilesBuildPhase section */

/* Begin PBXFileReference section */
		6C630C2116938907006CF15D /* Knapsack */ = {isa = PBXFileReference; explicitFileType = "compiled.mach-o.executable"; includeInIndex = 0; path = Knapsack; sourceTree = BUILT_PRODUCTS_DIR; };
		6C630C2516938907006CF15D /* main.cpp */ = {isa = PBXFileReference; lastKnownFileType = sourcecode.cpp.cpp; path = main.cpp; sourceTree = "<group>"; };
		6C630C32169396F2006CF15D /* item.h */ = {isa = PBXFileReference; lastKnownFileType = sourcecode.c.h; path = item.h; sourceTree = "<group>"; };
		6C630C33169397A5006CF15D /* item.cpp */ = {isa = PBXFileReference; fileEncoding = 4; lastKnownFileType = sourcecode.cpp.cpp; path = item.cpp; sourceTree = "<group>"; };
/* End PBXFileReference section */

/* Begin PBXFrameworksBuildPhase section */
		6C630C1E16938907006CF15D /* Frameworks */ = {
			isa = PBXFrameworksBuildPhase;
			buildActionMask = 2147483647;
			files = (
			);
			runOnlyForDeploymentPostprocessing = 0;
		};
/* End PBXFrameworksBuildPhase section */

/* Begin PBXGroup section */
		6C630C1616938907006CF15D = {
			isa = PBXGroup;
			children = (
				6C630C2416938907006CF15D /* Knapsack */,
				6C630C2216938907006CF15D /* Products */,
			);
			sourceTree = "<group>";
		};
		6C630C2216938907006CF15D /* Products */ = {
			isa = PBXGroup;
			children = (
				6C630C2116938907006CF15D /* Knapsack */,
			);
			name = Products;
			sourceTree = "<group>";
		};
		6C630C2416938907006CF15D /* Knapsack */ = {
			isa = PBXGroup;
			children = (
				6C630C32169396F2006CF15D /* item.h */,
				6C630C33169397A5006CF15D /* item.cpp */,
				6C630C2516938907006CF15D /* main.cpp */,
			);
			path = Knapsack;
			sourceTree = "<group>";
		};
/* End PBXGroup section */

/* Begin PBXNativeTarget section */
		6C630C2016938907006CF15D /* Knapsack */ = {
			isa = PBXNativeTarget;
			buildConfigurationList = 6C630C2B16938907006CF15D /* Build configuration list for PBXNativeTarget "Knapsack" */;
			buildPhases = (
				6C630C1D16938907006CF15D /* Sources */,
				6C630C1E16938907006CF15D /* Frameworks */,
				6C630C1F16938907006CF15D /* CopyFiles */,
			);
			buildRules = (
			);
			dependencies = (
			);
			name = Knapsack;
			productName = Knapsack;
			productReference = 6C630C2116938907006CF15D /* Knapsack */;
			productType = "com.apple.product-type.tool";
		};
/* End PBXNativeTarget section */

/* Begin PBXProject section */
		6C630C1816938907006CF15D /* Project object */ = {
			isa = PBXProject;
			attributes = {
				LastUpgradeCheck = 0450;
			};
			buildConfigurationList = 6C630C1B16938907006CF15D /* Build configuration list for PBXProject "Knapsack" */;
			compatibilityVersion = "Xcode 3.2";
			developmentRegion = English;
			hasScannedForEncodings = 0;
			knownRegions = (
				en,
			);
			mainGroup = 6C630C1616938907006CF15D;
			productRefGroup = 6C630C2216938907006CF15D /* Products */;
			projectDirPath = "";
			projectRoot = "";
			targets = (
				6C630C2016938907006CF15D /* Knapsack */,
			);
		};
/* End PBXProject section */

/* Begin PBXSourcesBuildPhase section */
		6C630C1D16938907006CF15D /* Sources */ = {
			isa = PBXSourcesBuildPhase;
			buildActionMask = 2147483647;
			files = (
				6C630C2616938907006CF15D /* main.cpp in Sources */,
				6C630C34169397A5006CF15D /* item.cpp in Sources */,
			);
			runOnlyForDeploymentPostprocessing = 0;
		};
/* End PBXSourcesBuildPhase section */

/* Begin XCBuildConfiguration section */
		6C630C2916938907006CF15D /* Debug */ = {
			isa = XCBuildConfiguration;
			buildSettings = {
				ALWAYS_SEARCH_USER_PATHS = NO;
				ARCHS = "$(ARCHS_STANDARD_64_BIT)";
				CLANG_CXX_LANGUAGE_STANDARD = "gnu++0x";
				CLANG_CXX_LIBRARY = "libc++";
				CLANG_WARN_EMPTY_BODY = YES;
				CLANG_WARN__DUPLICATE_METHOD_MATCH = YES;
				COPY_PHASE_STRIP = NO;
				GCC_C_LANGUAGE_STANDARD = gnu99;
				GCC_DYNAMIC_NO_PIC = NO;
				GCC_ENABLE_OBJC_EXCEPTIONS = YES;
				GCC_OPTIMIZATION_LEVEL = 0;
				GCC_PREPROCESSOR_DEFINITIONS = (
					"DEBUG=1",
					"$(inherited)",
				);
				GCC_SYMBOLS_PRIVATE_EXTERN = NO;
				GCC_WARN_64_TO_32_BIT_CONVERSION = YES;
				GCC_WARN_ABOUT_RETURN_TYPE = YES;
				GCC_WARN_UNINITIALIZED_AUTOS = YES;
				GCC_WARN_UNUSED_VARIABLE = YES;
				MACOSX_DEPLOYMENT_TARGET = 10.8;
				ONLY_ACTIVE_ARCH = YES;
				SDKROOT = macosx;
			};
			name = Debug;
		};
		6C630C2A16938907006CF15D /* Release */ = {
			isa = XCBuildConfiguration;
			buildSettings = {
				ALWAYS_SEARCH_USER_PATHS = NO;
				ARCHS = "$(ARCHS_STANDARD_64_BIT)";
				CLANG_CXX_LANGUAGE_STANDARD = "gnu++0x";
				CLANG_CXX_LIBRARY = "libc++";
				CLANG_WARN_EMPTY_BODY = YES;
				CLANG_WARN__DUPLICATE_METHOD_MATCH = YES;
				COPY_PHASE_STRIP = YES;
				DEBUG_INFORMATION_FORMAT = "dwarf-with-dsym";
				GCC_C_LANGUAGE_STANDARD = gnu99;
				GCC_ENABLE_OBJC_EXCEPTIONS = YES;
				GCC_WARN_64_TO_32_BIT_CONVERSION = YES;
				GCC_WARN_ABOUT_RETURN_TYPE = YES;
				GCC_WARN_UNINITIALIZED_AUTOS = YES;
				GCC_WARN_UNUSED_VARIABLE = YES;
				MACOSX_DEPLOYMENT_TARGET = 10.8;
				SDKROOT = macosx;
			};
			name = Release;
		};
		6C630C2C16938907006CF15D /* Debug */ = {
			isa = XCBuildConfiguration;
			buildSettings = {
				HEADER_SEARCH_PATHS = /usr/local/boost_1_48_0;
				PRODUCT_NAME = "$(TARGET_NAME)";
			};
			name = Debug;
		};
		6C630C2D16938907006CF15D /* Release */ = {
			isa = XCBuildConfiguration;
			buildSettings = {
				HEADER_SEARCH_PATHS = /usr/local/boost_1_48_0;
				PRODUCT_NAME = "$(TARGET_NAME)";
			};
			name = Release;
		};
/* End XCBuildConfiguration section */

/* Begin XCConfigurationList section */
		6C630C1B16938907006CF15D /* Build configuration list for PBXProject "Knapsack" */ = {
			isa = XCConfigurationList;
			buildConfigurations = (
				6C630C2916938907006CF15D /* Debug */,
				6C630C2A16938907006CF15D /* Release */,
			);
			defaultConfigurationIsVisible = 0;
			defaultConfigurationName = Release;
		};
		6C630C2B16938907006CF15D /* Build configuration list for PBXNativeTarget "Knapsack" */ = {
			isa = XCConfigurationList;
			buildConfigurations = (
				6C630C2C16938907006CF15D /* Debug */,
				6C630C2D16938907006CF15D /* Release */,
			);
			defaultConfigurationIsVisible = 0;
			defaultConfigurationName = Release;
		};
/* End XCConfigurationList section */
	};
	rootObject = 6C630C1816938907006CF15D /* Project object */;
}
